
Microsoft Visual Studio Solution File, Format Version 12.00
# Visual Studio 15
VisualStudioVersion = 15.0.27130.0
MinimumVisualStudioVersion = 10.0.40219.1
Project("{FAE04EC0-301F-11D3-BF4B-00C04F79EFBC}") = "TemplatePack", "src\TemplatePack\TemplatePack.csproj", "{A7974410-02C7-42F1-A62B-0FA976966C0C}"
EndProject
Project("{9A19103F-16F7-4668-BE54-9A1E7A4F7556}") = "Api", "src\Api\Api.csproj", "{F190D711-2D7D-41D9-91F8-E5917502146D}"
EndProject
Project("{9A19103F-16F7-4668-BE54-9A1E7A4F7556}") = "Client", "src\Client\Client.csproj", "{A5906C62-EE86-4975-976C-860D754C94C2}"
EndProject
Project("{9A19103F-16F7-4668-BE54-9A1E7A4F7556}") = "IdentityServerWithAspNetIdentity", "src\IdentityServerWithAspNetIdentity\IdentityServerWithAspNetIdentity.csproj", "{5714C911-90C7-44F0-92B5-8B9A8C18F77E}"
EndProject
Project("{9A19103F-16F7-4668-BE54-9A1E7A4F7556}") = "MvcClient", "src\MvcClient\MvcClient.csproj", "{F2844939-F460-4ED8-8FC4-45B73C400220}"
EndProject
Global
	GlobalSection(SolutionConfigurationPlatforms) = preSolution
		Debug|Any CPU = Debug|Any CPU
		Release|Any CPU = Release|Any CPU
	EndGlobalSection
	GlobalSection(ProjectConfigurationPlatforms) = postSolution
		{A7974410-02C7-42F1-A62B-0FA976966C0C}.Debug|Any CPU.ActiveCfg = Debug|Any CPU
		{A7974410-02C7-42F1-A62B-0FA976966C0C}.Debug|Any CPU.Build.0 = Debug|Any CPU
		{A7974410-02C7-42F1-A62B-0FA976966C0C}.Release|Any CPU.ActiveCfg = Release|Any CPU
		{A7974410-02C7-42F1-A62B-0FA976966C0C}.Release|Any CPU.Build.0 = Release|Any CPU
		{F190D711-2D7D-41D9-91F8-E5917502146D}.Debug|Any CPU.ActiveCfg = Debug|Any CPU
		{F190D711-2D7D-41D9-91F8-E5917502146D}.Debug|Any CPU.Build.0 = Debug|Any CPU
		{F190D711-2D7D-41D9-91F8-E5917502146D}.Release|Any CPU.ActiveCfg = Release|Any CPU
		{F190D711-2D7D-41D9-91F8-E5917502146D}.Release|Any CPU.Build.0 = Release|Any CPU
		{A5906C62-EE86-4975-976C-860D754C94C2}.Debug|Any CPU.ActiveCfg = Debug|Any CPU
		{A5906C62-EE86-4975-976C-860D754C94C2}.Debug|Any CPU.Build.0 = Debug|Any CPU
		{A5906C62-EE86-4975-976C-860D754C94C2}.Release|Any CPU.ActiveCfg = Release|Any CPU
		{A5906C62-EE86-4975-976C-860D754C94C2}.Release|Any CPU.Build.0 = Release|Any CPU
		{5714C911-90C7-44F0-92B5-8B9A8C18F77E}.Debug|Any CPU.ActiveCfg = Debug|Any CPU
		{5714C911-90C7-44F0-92B5-8B9A8C18F77E}.Debug|Any CPU.Build.0 = Debug|Any CPU
		{5714C911-90C7-44F0-92B5-8B9A8C18F77E}.Release|Any CPU.ActiveCfg = Release|Any CPU
		{5714C911-90C7-44F0-92B5-8B9A8C18F77E}.Release|Any CPU.Build.0 = Release|Any CPU
		{F2844939-F460-4ED8-8FC4-45B73C400220}.Debug|Any CPU.ActiveCfg = Debug|Any CPU
		{F2844939-F460-4ED8-8FC4-45B73C400220}.Debug|Any CPU.Build.0 = Debug|Any CPU
		{F2844939-F460-4ED8-8FC4-45B73C400220}.Release|Any CPU.ActiveCfg = Release|Any CPU
		{F2844939-F460-4ED8-8FC4-45B73C400220}.Release|Any CPU.Build.0 = Release|Any CPU
	EndGlobalSection
	GlobalSection(SolutionProperties) = preSolution
		HideSolutionNode = FALSE
	EndGlobalSection
	GlobalSection(ExtensibilityGlobals) = postSolution
		SolutionGuid = {158D5252-9DF0-49FD-84A4-62442DBDDE93}
	EndGlobalSection
EndGlobal
