
Microsoft Visual Studio Solution File, Format Version 12.00
# Visual Studio 15
VisualStudioVersion = 15.0.26730.12
MinimumVisualStudioVersion = 10.0.40219.1
Project("{9A19103F-16F7-4668-BE54-9A1E7A4F7556}") = "IdentityServer", "src\QuickstartIdentityServer\IdentityServer.csproj", "{74894537-E514-4087-B6E1-B9D77A2ED34C}"
EndProject
Project("{9A19103F-16F7-4668-BE54-9A1E7A4F7556}") = "Api", "src\Api\Api.csproj", "{7059F655-BBD7-4CA3-9A76-2FF198996DA8}"
EndProject
Project("{9A19103F-16F7-4668-BE54-9A1E7A4F7556}") = "Client", "src\Client\Client.csproj", "{B707F1AF-DD46-45D6-B4C5-BC2E9A3FB9B7}"
EndProject
Project("{9A19103F-16F7-4668-BE54-9A1E7A4F7556}") = "MvcClient", "src\MvcClient\MvcClient.csproj", "{4CFB4883-9929-4814-BE22-2E19476CE4A3}"
EndProject
Project("{FAE04EC0-301F-11D3-BF4B-00C04F79EFBC}") = "IdentityServerEFTemplatePack", "src\IdentityServerEntityFrameworkTemplatePack\IdentityServerEFTemplatePack.csproj", "{DB3E454B-C07F-4FC0-A9E9-37A302D42B0F}"
EndProject
Global
	GlobalSection(SolutionConfigurationPlatforms) = preSolution
		Debug|Any CPU = Debug|Any CPU
		Release|Any CPU = Release|Any CPU
	EndGlobalSection
	GlobalSection(ProjectConfigurationPlatforms) = postSolution
		{74894537-E514-4087-B6E1-B9D77A2ED34C}.Debug|Any CPU.ActiveCfg = Debug|Any CPU
		{74894537-E514-4087-B6E1-B9D77A2ED34C}.Debug|Any CPU.Build.0 = Debug|Any CPU
		{74894537-E514-4087-B6E1-B9D77A2ED34C}.Release|Any CPU.ActiveCfg = Release|Any CPU
		{74894537-E514-4087-B6E1-B9D77A2ED34C}.Release|Any CPU.Build.0 = Release|Any CPU
		{7059F655-BBD7-4CA3-9A76-2FF198996DA8}.Debug|Any CPU.ActiveCfg = Debug|Any CPU
		{7059F655-BBD7-4CA3-9A76-2FF198996DA8}.Debug|Any CPU.Build.0 = Debug|Any CPU
		{7059F655-BBD7-4CA3-9A76-2FF198996DA8}.Release|Any CPU.ActiveCfg = Release|Any CPU
		{7059F655-BBD7-4CA3-9A76-2FF198996DA8}.Release|Any CPU.Build.0 = Release|Any CPU
		{B707F1AF-DD46-45D6-B4C5-BC2E9A3FB9B7}.Debug|Any CPU.ActiveCfg = Debug|Any CPU
		{B707F1AF-DD46-45D6-B4C5-BC2E9A3FB9B7}.Debug|Any CPU.Build.0 = Debug|Any CPU
		{B707F1AF-DD46-45D6-B4C5-BC2E9A3FB9B7}.Release|Any CPU.ActiveCfg = Release|Any CPU
		{B707F1AF-DD46-45D6-B4C5-BC2E9A3FB9B7}.Release|Any CPU.Build.0 = Release|Any CPU
		{4CFB4883-9929-4814-BE22-2E19476CE4A3}.Debug|Any CPU.ActiveCfg = Debug|Any CPU
		{4CFB4883-9929-4814-BE22-2E19476CE4A3}.Debug|Any CPU.Build.0 = Debug|Any CPU
		{4CFB4883-9929-4814-BE22-2E19476CE4A3}.Release|Any CPU.ActiveCfg = Release|Any CPU
		{4CFB4883-9929-4814-BE22-2E19476CE4A3}.Release|Any CPU.Build.0 = Release|Any CPU
		{DB3E454B-C07F-4FC0-A9E9-37A302D42B0F}.Debug|Any CPU.ActiveCfg = Debug|Any CPU
		{DB3E454B-C07F-4FC0-A9E9-37A302D42B0F}.Debug|Any CPU.Build.0 = Debug|Any CPU
		{DB3E454B-C07F-4FC0-A9E9-37A302D42B0F}.Release|Any CPU.ActiveCfg = Release|Any CPU
		{DB3E454B-C07F-4FC0-A9E9-37A302D42B0F}.Release|Any CPU.Build.0 = Release|Any CPU
	EndGlobalSection
	GlobalSection(SolutionProperties) = preSolution
		HideSolutionNode = FALSE
	EndGlobalSection
	GlobalSection(ExtensibilityGlobals) = postSolution
		SolutionGuid = {158D5252-9DF0-49FD-84A4-62442DBDDE93}
	EndGlobalSection
EndGlobal
